
Microsoft Visual Studio Solution File, Format Version 12.00
# Visual Studio Version 16
VisualStudioVersion = 16.0.29613.14
MinimumVisualStudioVersion = 10.0.40219.1
Project("{FAE04EC0-301F-11D3-BF4B-00C04F79EFBC}") = "VidzDesktop_Agatha", "VidzDesktop_Agatha\VidzDesktop_Agatha.csproj", "{EC2B009F-82C1-4FE2-B1B7-6FB8ECA1D2C0}"
EndProject
Global
	GlobalSection(SolutionConfigurationPlatforms) = preSolution
		Debug|Any CPU = Debug|Any CPU
		Release|Any CPU = Release|Any CPU
	EndGlobalSection
	GlobalSection(ProjectConfigurationPlatforms) = postSolution
		{EC2B009F-82C1-4FE2-B1B7-6FB8ECA1D2C0}.Debug|Any CPU.ActiveCfg = Debug|Any CPU
		{EC2B009F-82C1-4FE2-B1B7-6FB8ECA1D2C0}.Debug|Any CPU.Build.0 = Debug|Any CPU
		{EC2B009F-82C1-4FE2-B1B7-6FB8ECA1D2C0}.Release|Any CPU.ActiveCfg = Release|Any CPU
		{EC2B009F-82C1-4FE2-B1B7-6FB8ECA1D2C0}.Release|Any CPU.Build.0 = Release|Any CPU
	EndGlobalSection
	GlobalSection(SolutionProperties) = preSolution
		HideSolutionNode = FALSE
	EndGlobalSection
	GlobalSection(ExtensibilityGlobals) = postSolution
		SolutionGuid = {B2BECAEF-E493-42F3-BF5B-6EBD549BD0B7}
	EndGlobalSection
EndGlobal
